
Microsoft Visual Studio Solution File, Format Version 12.00
# Visual Studio Version 17
VisualStudioVersion = 17.10.34928.147
MinimumVisualStudioVersion = 10.0.40219.1
Project("{9A19103F-16F7-4668-BE54-9A1E7A4F7556}") = "web-app-performance", "web-app-performance\web-app-performance.csproj", "{28447BF2-122D-47FC-AACB-CB5E4C6E8299}"
EndProject
Project("{9A19103F-16F7-4668-BE54-9A1E7A4F7556}") = "web-app-domain", "web-app-domain\web-app-domain.csproj", "{307310FE-ED84-48A0-8447-0CE3C2D491B9}"
EndProject
Project("{9A19103F-16F7-4668-BE54-9A1E7A4F7556}") = "web-app-repository", "web-app-repository\web-app-repository.csproj", "{3FAFB20C-D5AA-4A9D-AA07-A3D14C14BF5A}"
EndProject
Project("{FAE04EC0-301F-11D3-BF4B-00C04F79EFBC}") = "Teste", "Teste\Teste.csproj", "{B5B6D784-3311-4FF5-A9CA-941F8DF338E6}"
EndProject
Global
	GlobalSection(SolutionConfigurationPlatforms) = preSolution
		Debug|Any CPU = Debug|Any CPU
		Release|Any CPU = Release|Any CPU
	EndGlobalSection
	GlobalSection(ProjectConfigurationPlatforms) = postSolution
		{28447BF2-122D-47FC-AACB-CB5E4C6E8299}.Debug|Any CPU.ActiveCfg = Debug|Any CPU
		{28447BF2-122D-47FC-AACB-CB5E4C6E8299}.Debug|Any CPU.Build.0 = Debug|Any CPU
		{28447BF2-122D-47FC-AACB-CB5E4C6E8299}.Release|Any CPU.ActiveCfg = Release|Any CPU
		{28447BF2-122D-47FC-AACB-CB5E4C6E8299}.Release|Any CPU.Build.0 = Release|Any CPU
		{307310FE-ED84-48A0-8447-0CE3C2D491B9}.Debug|Any CPU.ActiveCfg = Debug|Any CPU
		{307310FE-ED84-48A0-8447-0CE3C2D491B9}.Debug|Any CPU.Build.0 = Debug|Any CPU
		{307310FE-ED84-48A0-8447-0CE3C2D491B9}.Release|Any CPU.ActiveCfg = Release|Any CPU
		{307310FE-ED84-48A0-8447-0CE3C2D491B9}.Release|Any CPU.Build.0 = Release|Any CPU
		{3FAFB20C-D5AA-4A9D-AA07-A3D14C14BF5A}.Debug|Any CPU.ActiveCfg = Debug|Any CPU
		{3FAFB20C-D5AA-4A9D-AA07-A3D14C14BF5A}.Debug|Any CPU.Build.0 = Debug|Any CPU
		{3FAFB20C-D5AA-4A9D-AA07-A3D14C14BF5A}.Release|Any CPU.ActiveCfg = Release|Any CPU
		{3FAFB20C-D5AA-4A9D-AA07-A3D14C14BF5A}.Release|Any CPU.Build.0 = Release|Any CPU
		{B5B6D784-3311-4FF5-A9CA-941F8DF338E6}.Debug|Any CPU.ActiveCfg = Debug|Any CPU
		{B5B6D784-3311-4FF5-A9CA-941F8DF338E6}.Debug|Any CPU.Build.0 = Debug|Any CPU
		{B5B6D784-3311-4FF5-A9CA-941F8DF338E6}.Release|Any CPU.ActiveCfg = Release|Any CPU
		{B5B6D784-3311-4FF5-A9CA-941F8DF338E6}.Release|Any CPU.Build.0 = Release|Any CPU
	EndGlobalSection
	GlobalSection(SolutionProperties) = preSolution
		HideSolutionNode = FALSE
	EndGlobalSection
	GlobalSection(ExtensibilityGlobals) = postSolution
		SolutionGuid = {FEB077D2-BA8B-400A-B270-79F792D9A861}
	EndGlobalSection
EndGlobal
